// !$*UTF8*$!
{
	archiveVersion = 1;
	classes = {
	};
	objectVersion = 56;
	objects = {

/* Begin PBXBuildFile section */
		B83ED2AC2A80454C0095BD83 /* VoicedByModel.swift in Sources */ = {isa = PBXBuildFile; fileRef = B83ED2AB2A80454C0095BD83 /* VoicedByModel.swift */; };
		B85BDAC12A730A9600FDF93C /* HomeViewLabel.swift in Sources */ = {isa = PBXBuildFile; fileRef = B85BDAC02A730A9600FDF93C /* HomeViewLabel.swift */; };
		B85BDAC42A73168300FDF93C /* CategoryView.swift in Sources */ = {isa = PBXBuildFile; fileRef = B85BDAC32A73168300FDF93C /* CategoryView.swift */; };
		B86189992A72F5310043AAD3 /* ExploreBobsBurgers.swift in Sources */ = {isa = PBXBuildFile; fileRef = B86189982A72F5310043AAD3 /* ExploreBobsBurgers.swift */; };
		B861899B2A72F5310043AAD3 /* ContentView.swift in Sources */ = {isa = PBXBuildFile; fileRef = B861899A2A72F5310043AAD3 /* ContentView.swift */; };
		B861899D2A72F5310043AAD3 /* Assets.xcassets in Resources */ = {isa = PBXBuildFile; fileRef = B861899C2A72F5310043AAD3 /* Assets.xcassets */; };
		B86189A02A72F5310043AAD3 /* Preview Assets.xcassets in Resources */ = {isa = PBXBuildFile; fileRef = B861899F2A72F5310043AAD3 /* Preview Assets.xcassets */; };
		B86189A22A72F5310043AAD3 /* Persistence.swift in Sources */ = {isa = PBXBuildFile; fileRef = B86189A12A72F5310043AAD3 /* Persistence.swift */; };
		B86189A52A72F5310043AAD3 /* ExploreBobsBurgers.xcdatamodeld in Sources */ = {isa = PBXBuildFile; fileRef = B86189A32A72F5310043AAD3 /* ExploreBobsBurgers.xcdatamodeld */; };
		B86189AE2A72F6110043AAD3 /* HomeView.swift in Sources */ = {isa = PBXBuildFile; fileRef = B86189AD2A72F6110043AAD3 /* HomeView.swift */; };
		B86189B32A72F69A0043AAD3 /* Constants.swift in Sources */ = {isa = PBXBuildFile; fileRef = B86189B22A72F69A0043AAD3 /* Constants.swift */; };
		B86189B62A72FBA70043AAD3 /* Extension.swift in Sources */ = {isa = PBXBuildFile; fileRef = B86189B52A72FBA70043AAD3 /* Extension.swift */; };
		B86189B82A72FC890043AAD3 /* ShortStack-Regular.ttf in Resources */ = {isa = PBXBuildFile; fileRef = B86189B72A72FC890043AAD3 /* ShortStack-Regular.ttf */; };
		B86CF1312A7992070073840A /* CharactersRelativeView.swift in Sources */ = {isa = PBXBuildFile; fileRef = B86CF1302A7992070073840A /* CharactersRelativeView.swift */; };
		B86CF1332A79921C0073840A /* CharactersRelativeCellView.swift in Sources */ = {isa = PBXBuildFile; fileRef = B86CF1322A79921C0073840A /* CharactersRelativeCellView.swift */; };
		B86CF1352A7A97ED0073840A /* CharacterPlaceholderView.swift in Sources */ = {isa = PBXBuildFile; fileRef = B86CF1342A7A97ED0073840A /* CharacterPlaceholderView.swift */; };
		B86CF1392A7AB00D0073840A /* ImageCashe.swift in Sources */ = {isa = PBXBuildFile; fileRef = B86CF1382A7AB00D0073840A /* ImageCashe.swift */; };
		B87F43992A81356B0071DB49 /* CharactersSearchBarView.swift in Sources */ = {isa = PBXBuildFile; fileRef = B87F43982A81356B0071DB49 /* CharactersSearchBarView.swift */; };
		B8878C222A7401590019F9A0 /* CharactersHomeView.swift in Sources */ = {isa = PBXBuildFile; fileRef = B8878C212A7401590019F9A0 /* CharactersHomeView.swift */; };
		B8878C242A7402200019F9A0 /* SwitchContainerView.swift in Sources */ = {isa = PBXBuildFile; fileRef = B8878C232A7402200019F9A0 /* SwitchContainerView.swift */; };
		B8878C262A74024F0019F9A0 /* ViewModel.swift in Sources */ = {isa = PBXBuildFile; fileRef = B8878C252A74024F0019F9A0 /* ViewModel.swift */; };
		B8878C2B2A7414030019F9A0 /* NavigationButton.swift in Sources */ = {isa = PBXBuildFile; fileRef = B8878C2A2A7414030019F9A0 /* NavigationButton.swift */; };
		B8B394582A74434F004489F8 /* CharactersHomeListCellView.swift in Sources */ = {isa = PBXBuildFile; fileRef = B8B394572A74434F004489F8 /* CharactersHomeListCellView.swift */; };
		B8B3945A2A74437E004489F8 /* CharacterModel.swift in Sources */ = {isa = PBXBuildFile; fileRef = B8B394592A74437E004489F8 /* CharacterModel.swift */; };
		B8B3945C2A744398004489F8 /* RelativeModel.swift in Sources */ = {isa = PBXBuildFile; fileRef = B8B3945B2A744398004489F8 /* RelativeModel.swift */; };
		B8B3945E2A7443FF004489F8 /* Webservice.swift in Sources */ = {isa = PBXBuildFile; fileRef = B8B3945D2A7443FF004489F8 /* Webservice.swift */; };
		B8B394602A74453C004489F8 /* ViewModifiers.swift in Sources */ = {isa = PBXBuildFile; fileRef = B8B3945F2A74453C004489F8 /* ViewModifiers.swift */; };
		B8E1492F2A77ED7A00F079F5 /* ImageLoader.swift in Sources */ = {isa = PBXBuildFile; fileRef = B8E1492E2A77ED7A00F079F5 /* ImageLoader.swift */; };
		B8E149312A77EED300F079F5 /* UrlImage.swift in Sources */ = {isa = PBXBuildFile; fileRef = B8E149302A77EED300F079F5 /* UrlImage.swift */; };
		B8E149352A78561800F079F5 /* CharactersInfoView.swift in Sources */ = {isa = PBXBuildFile; fileRef = B8E149342A78561800F079F5 /* CharactersInfoView.swift */; };
		B8E149372A786B9A00F079F5 /* CharactersSubViewTitle.swift in Sources */ = {isa = PBXBuildFile; fileRef = B8E149362A786B9A00F079F5 /* CharactersSubViewTitle.swift */; };
		B8E1493A2A786DAF00F079F5 /* CharacterInfoListStyle.swift in Sources */ = {isa = PBXBuildFile; fileRef = B8E149392A786DAF00F079F5 /* CharacterInfoListStyle.swift */; };
		B8E1493C2A786EDF00F079F5 /* CharacterInfoList.swift in Sources */ = {isa = PBXBuildFile; fileRef = B8E1493B2A786EDF00F079F5 /* CharacterInfoList.swift */; };
/* End PBXBuildFile section */

/* Begin PBXFileReference section */
		B83ED2AB2A80454C0095BD83 /* VoicedByModel.swift */ = {isa = PBXFileReference; lastKnownFileType = sourcecode.swift; path = VoicedByModel.swift; sourceTree = "<group>"; };
		B85BDAC02A730A9600FDF93C /* HomeViewLabel.swift */ = {isa = PBXFileReference; lastKnownFileType = sourcecode.swift; path = HomeViewLabel.swift; sourceTree = "<group>"; };
		B85BDAC32A73168300FDF93C /* CategoryView.swift */ = {isa = PBXFileReference; lastKnownFileType = sourcecode.swift; path = CategoryView.swift; sourceTree = "<group>"; };
		B86189952A72F5310043AAD3 /* ExploreBobsBurgersApp.app */ = {isa = PBXFileReference; explicitFileType = wrapper.application; includeInIndex = 0; path = ExploreBobsBurgersApp.app; sourceTree = BUILT_PRODUCTS_DIR; };
		B86189982A72F5310043AAD3 /* ExploreBobsBurgers.swift */ = {isa = PBXFileReference; lastKnownFileType = sourcecode.swift; path = ExploreBobsBurgers.swift; sourceTree = "<group>"; };
		B861899A2A72F5310043AAD3 /* ContentView.swift */ = {isa = PBXFileReference; lastKnownFileType = sourcecode.swift; path = ContentView.swift; sourceTree = "<group>"; };
		B861899C2A72F5310043AAD3 /* Assets.xcassets */ = {isa = PBXFileReference; lastKnownFileType = folder.assetcatalog; path = Assets.xcassets; sourceTree = "<group>"; };
		B861899F2A72F5310043AAD3 /* Preview Assets.xcassets */ = {isa = PBXFileReference; lastKnownFileType = folder.assetcatalog; path = "Preview Assets.xcassets"; sourceTree = "<group>"; };
		B86189A12A72F5310043AAD3 /* Persistence.swift */ = {isa = PBXFileReference; lastKnownFileType = sourcecode.swift; path = Persistence.swift; sourceTree = "<group>"; };
		B86189A42A72F5310043AAD3 /* ExploreBobsBurgersApp.xcdatamodel */ = {isa = PBXFileReference; lastKnownFileType = wrapper.xcdatamodel; path = ExploreBobsBurgersApp.xcdatamodel; sourceTree = "<group>"; };
		B86189AD2A72F6110043AAD3 /* HomeView.swift */ = {isa = PBXFileReference; lastKnownFileType = sourcecode.swift; path = HomeView.swift; sourceTree = "<group>"; };
		B86189B22A72F69A0043AAD3 /* Constants.swift */ = {isa = PBXFileReference; lastKnownFileType = sourcecode.swift; path = Constants.swift; sourceTree = "<group>"; };
		B86189B52A72FBA70043AAD3 /* Extension.swift */ = {isa = PBXFileReference; lastKnownFileType = sourcecode.swift; path = Extension.swift; sourceTree = "<group>"; };
		B86189B72A72FC890043AAD3 /* ShortStack-Regular.ttf */ = {isa = PBXFileReference; lastKnownFileType = file; path = "ShortStack-Regular.ttf"; sourceTree = "<group>"; };
		B86189B92A72FCAA0043AAD3 /* Info.plist */ = {isa = PBXFileReference; lastKnownFileType = text.plist; path = Info.plist; sourceTree = "<group>"; };
		B86CF1302A7992070073840A /* CharactersRelativeView.swift */ = {isa = PBXFileReference; lastKnownFileType = sourcecode.swift; path = CharactersRelativeView.swift; sourceTree = "<group>"; };
		B86CF1322A79921C0073840A /* CharactersRelativeCellView.swift */ = {isa = PBXFileReference; lastKnownFileType = sourcecode.swift; path = CharactersRelativeCellView.swift; sourceTree = "<group>"; };
		B86CF1342A7A97ED0073840A /* CharacterPlaceholderView.swift */ = {isa = PBXFileReference; lastKnownFileType = sourcecode.swift; path = CharacterPlaceholderView.swift; sourceTree = "<group>"; };
		B86CF1382A7AB00D0073840A /* ImageCashe.swift */ = {isa = PBXFileReference; lastKnownFileType = sourcecode.swift; path = ImageCashe.swift; sourceTree = "<group>"; };
		B87F43982A81356B0071DB49 /* CharactersSearchBarView.swift */ = {isa = PBXFileReference; lastKnownFileType = sourcecode.swift; path = CharactersSearchBarView.swift; sourceTree = "<group>"; };
		B8878C212A7401590019F9A0 /* CharactersHomeView.swift */ = {isa = PBXFileReference; lastKnownFileType = sourcecode.swift; path = CharactersHomeView.swift; sourceTree = "<group>"; };
		B8878C232A7402200019F9A0 /* SwitchContainerView.swift */ = {isa = PBXFileReference; lastKnownFileType = sourcecode.swift; path = SwitchContainerView.swift; sourceTree = "<group>"; };
		B8878C252A74024F0019F9A0 /* ViewModel.swift */ = {isa = PBXFileReference; lastKnownFileType = sourcecode.swift; path = ViewModel.swift; sourceTree = "<group>"; };
		B8878C2A2A7414030019F9A0 /* NavigationButton.swift */ = {isa = PBXFileReference; lastKnownFileType = sourcecode.swift; path = NavigationButton.swift; sourceTree = "<group>"; };
		B8B394572A74434F004489F8 /* CharactersHomeListCellView.swift */ = {isa = PBXFileReference; lastKnownFileType = sourcecode.swift; path = CharactersHomeListCellView.swift; sourceTree = "<group>"; };
		B8B394592A74437E004489F8 /* CharacterModel.swift */ = {isa = PBXFileReference; lastKnownFileType = sourcecode.swift; path = CharacterModel.swift; sourceTree = "<group>"; };
		B8B3945B2A744398004489F8 /* RelativeModel.swift */ = {isa = PBXFileReference; lastKnownFileType = sourcecode.swift; path = RelativeModel.swift; sourceTree = "<group>"; };
		B8B3945D2A7443FF004489F8 /* Webservice.swift */ = {isa = PBXFileReference; lastKnownFileType = sourcecode.swift; path = Webservice.swift; sourceTree = "<group>"; };
		B8B3945F2A74453C004489F8 /* ViewModifiers.swift */ = {isa = PBXFileReference; lastKnownFileType = sourcecode.swift; path = ViewModifiers.swift; sourceTree = "<group>"; };
		B8E1492E2A77ED7A00F079F5 /* ImageLoader.swift */ = {isa = PBXFileReference; lastKnownFileType = sourcecode.swift; path = ImageLoader.swift; sourceTree = "<group>"; };
		B8E149302A77EED300F079F5 /* UrlImage.swift */ = {isa = PBXFileReference; lastKnownFileType = sourcecode.swift; path = UrlImage.swift; sourceTree = "<group>"; };
		B8E149342A78561800F079F5 /* CharactersInfoView.swift */ = {isa = PBXFileReference; lastKnownFileType = sourcecode.swift; path = CharactersInfoView.swift; sourceTree = "<group>"; };
		B8E149362A786B9A00F079F5 /* CharactersSubViewTitle.swift */ = {isa = PBXFileReference; lastKnownFileType = sourcecode.swift; path = CharactersSubViewTitle.swift; sourceTree = "<group>"; };
		B8E149392A786DAF00F079F5 /* CharacterInfoListStyle.swift */ = {isa = PBXFileReference; lastKnownFileType = sourcecode.swift; path = CharacterInfoListStyle.swift; sourceTree = "<group>"; };
		B8E1493B2A786EDF00F079F5 /* CharacterInfoList.swift */ = {isa = PBXFileReference; lastKnownFileType = sourcecode.swift; path = CharacterInfoList.swift; sourceTree = "<group>"; };
/* End PBXFileReference section */

/* Begin PBXFrameworksBuildPhase section */
		B86189922A72F5310043AAD3 /* Frameworks */ = {
			isa = PBXFrameworksBuildPhase;
			buildActionMask = 2147483647;
			files = (
			);
			runOnlyForDeploymentPostprocessing = 0;
		};
/* End PBXFrameworksBuildPhase section */

/* Begin PBXGroup section */
		B85BDAC22A7310D600FDF93C /* HomeView */ = {
			isa = PBXGroup;
			children = (
				B86189AD2A72F6110043AAD3 /* HomeView.swift */,
				B85BDAC32A73168300FDF93C /* CategoryView.swift */,
			);
			path = HomeView;
			sourceTree = "<group>";
		};
		B861898C2A72F5300043AAD3 = {
			isa = PBXGroup;
			children = (
				B86189972A72F5310043AAD3 /* ExploreBobsBurgersApp */,
				B86189962A72F5310043AAD3 /* Products */,
			);
			sourceTree = "<group>";
		};
		B86189962A72F5310043AAD3 /* Products */ = {
			isa = PBXGroup;
			children = (
				B86189952A72F5310043AAD3 /* ExploreBobsBurgersApp.app */,
			);
			name = Products;
			sourceTree = "<group>";
		};
		B86189972A72F5310043AAD3 /* ExploreBobsBurgersApp */ = {
			isa = PBXGroup;
			children = (
				B86189B92A72FCAA0043AAD3 /* Info.plist */,
				B86189982A72F5310043AAD3 /* ExploreBobsBurgers.swift */,
				B8878C232A7402200019F9A0 /* SwitchContainerView.swift */,
				B86189AC2A72F58D0043AAD3 /* Views */,
				B86189B02A72F6600043AAD3 /* Models */,
				B86189AF2A72F6470043AAD3 /* ViewModels */,
				B86189B42A72FB840043AAD3 /* Shared */,
				B861899C2A72F5310043AAD3 /* Assets.xcassets */,
				B861899E2A72F5310043AAD3 /* Preview Content */,
			);
			path = ExploreBobsBurgersApp;
			sourceTree = "<group>";
		};
		B861899E2A72F5310043AAD3 /* Preview Content */ = {
			isa = PBXGroup;
			children = (
				B861899F2A72F5310043AAD3 /* Preview Assets.xcassets */,
			);
			path = "Preview Content";
			sourceTree = "<group>";
		};
		B86189AB2A72F56B0043AAD3 /* CoreData */ = {
			isa = PBXGroup;
			children = (
				B861899A2A72F5310043AAD3 /* ContentView.swift */,
				B86189A12A72F5310043AAD3 /* Persistence.swift */,
				B86189A32A72F5310043AAD3 /* ExploreBobsBurgers.xcdatamodeld */,
			);
			path = CoreData;
			sourceTree = "<group>";
		};
		B86189AC2A72F58D0043AAD3 /* Views */ = {
			isa = PBXGroup;
			children = (
				B85BDAC22A7310D600FDF93C /* HomeView */,
				B8878C202A73FC0C0019F9A0 /* CharactersView */,
				B8878C292A7413C60019F9A0 /* SharedViews */,
			);
			path = Views;
			sourceTree = "<group>";
		};
		B86189AF2A72F6470043AAD3 /* ViewModels */ = {
			isa = PBXGroup;
			children = (
				B8878C252A74024F0019F9A0 /* ViewModel.swift */,
			);
			path = ViewModels;
			sourceTree = "<group>";
		};
		B86189B02A72F6600043AAD3 /* Models */ = {
			isa = PBXGroup;
			children = (
				B8B394592A74437E004489F8 /* CharacterModel.swift */,
				B8B3945B2A744398004489F8 /* RelativeModel.swift */,
				B83ED2AB2A80454C0095BD83 /* VoicedByModel.swift */,
			);
			path = Models;
			sourceTree = "<group>";
		};
		B86189B42A72FB840043AAD3 /* Shared */ = {
			isa = PBXGroup;
			children = (
				B8E1492D2A77ED6900F079F5 /* Services */,
				B86189AB2A72F56B0043AAD3 /* CoreData */,
				B86189B72A72FC890043AAD3 /* ShortStack-Regular.ttf */,
				B86189B22A72F69A0043AAD3 /* Constants.swift */,
				B86189B52A72FBA70043AAD3 /* Extension.swift */,
				B8B3945F2A74453C004489F8 /* ViewModifiers.swift */,
			);
			path = Shared;
			sourceTree = "<group>";
		};
		B8878C202A73FC0C0019F9A0 /* CharactersView */ = {
			isa = PBXGroup;
			children = (
				B8878C212A7401590019F9A0 /* CharactersHomeView.swift */,
				B8B394572A74434F004489F8 /* CharactersHomeListCellView.swift */,
				B8E149342A78561800F079F5 /* CharactersInfoView.swift */,
				B8E149362A786B9A00F079F5 /* CharactersSubViewTitle.swift */,
				B8E1493B2A786EDF00F079F5 /* CharacterInfoList.swift */,
				B8E149392A786DAF00F079F5 /* CharacterInfoListStyle.swift */,
				B86CF1302A7992070073840A /* CharactersRelativeView.swift */,
				B86CF1322A79921C0073840A /* CharactersRelativeCellView.swift */,
				B87F43982A81356B0071DB49 /* CharactersSearchBarView.swift */,
			);
			path = CharactersView;
			sourceTree = "<group>";
		};
		B8878C292A7413C60019F9A0 /* SharedViews */ = {
			isa = PBXGroup;
			children = (
				B85BDAC02A730A9600FDF93C /* HomeViewLabel.swift */,
				B8878C2A2A7414030019F9A0 /* NavigationButton.swift */,
				B8E149302A77EED300F079F5 /* UrlImage.swift */,
				B86CF1342A7A97ED0073840A /* CharacterPlaceholderView.swift */,
			);
			path = SharedViews;
			sourceTree = "<group>";
		};
		B8E1492D2A77ED6900F079F5 /* Services */ = {
			isa = PBXGroup;
			children = (
				B8B3945D2A7443FF004489F8 /* Webservice.swift */,
				B8E1492E2A77ED7A00F079F5 /* ImageLoader.swift */,
				B86CF1382A7AB00D0073840A /* ImageCashe.swift */,
			);
			path = Services;
			sourceTree = "<group>";
		};
/* End PBXGroup section */

/* Begin PBXNativeTarget section */
		B86189942A72F5310043AAD3 /* ExploreBobsBurgersApp */ = {
			isa = PBXNativeTarget;
			buildConfigurationList = B86189A82A72F5310043AAD3 /* Build configuration list for PBXNativeTarget "ExploreBobsBurgersApp" */;
			buildPhases = (
				B86189912A72F5310043AAD3 /* Sources */,
				B86189922A72F5310043AAD3 /* Frameworks */,
				B86189932A72F5310043AAD3 /* Resources */,
			);
			buildRules = (
			);
			dependencies = (
			);
			name = ExploreBobsBurgersApp;
			productName = ExploreBobsBurgersApp;
			productReference = B86189952A72F5310043AAD3 /* ExploreBobsBurgersApp.app */;
			productType = "com.apple.product-type.application";
		};
/* End PBXNativeTarget section */

/* Begin PBXProject section */
		B861898D2A72F5300043AAD3 /* Project object */ = {
			isa = PBXProject;
			attributes = {
				BuildIndependentTargetsInParallel = 1;
				LastSwiftUpdateCheck = 1430;
				LastUpgradeCheck = 1430;
				TargetAttributes = {
					B86189942A72F5310043AAD3 = {
						CreatedOnToolsVersion = 14.3;
					};
				};
			};
			buildConfigurationList = B86189902A72F5300043AAD3 /* Build configuration list for PBXProject "ExploreBobsBurgersApp" */;
			compatibilityVersion = "Xcode 14.0";
			developmentRegion = en;
			hasScannedForEncodings = 0;
			knownRegions = (
				en,
				Base,
			);
			mainGroup = B861898C2A72F5300043AAD3;
			productRefGroup = B86189962A72F5310043AAD3 /* Products */;
			projectDirPath = "";
			projectRoot = "";
			targets = (
				B86189942A72F5310043AAD3 /* ExploreBobsBurgersApp */,
			);
		};
/* End PBXProject section */

/* Begin PBXResourcesBuildPhase section */
		B86189932A72F5310043AAD3 /* Resources */ = {
			isa = PBXResourcesBuildPhase;
			buildActionMask = 2147483647;
			files = (
				B86189A02A72F5310043AAD3 /* Preview Assets.xcassets in Resources */,
				B86189B82A72FC890043AAD3 /* ShortStack-Regular.ttf in Resources */,
				B861899D2A72F5310043AAD3 /* Assets.xcassets in Resources */,
			);
			runOnlyForDeploymentPostprocessing = 0;
		};
/* End PBXResourcesBuildPhase section */

/* Begin PBXSourcesBuildPhase section */
		B86189912A72F5310043AAD3 /* Sources */ = {
			isa = PBXSourcesBuildPhase;
			buildActionMask = 2147483647;
			files = (
				B86189A22A72F5310043AAD3 /* Persistence.swift in Sources */,
				B861899B2A72F5310043AAD3 /* ContentView.swift in Sources */,
				B8B394582A74434F004489F8 /* CharactersHomeListCellView.swift in Sources */,
				B8B394602A74453C004489F8 /* ViewModifiers.swift in Sources */,
				B85BDAC12A730A9600FDF93C /* HomeViewLabel.swift in Sources */,
				B8878C222A7401590019F9A0 /* CharactersHomeView.swift in Sources */,
				B86189B62A72FBA70043AAD3 /* Extension.swift in Sources */,
				B8E149312A77EED300F079F5 /* UrlImage.swift in Sources */,
				B86CF1352A7A97ED0073840A /* CharacterPlaceholderView.swift in Sources */,
				B8B3945A2A74437E004489F8 /* CharacterModel.swift in Sources */,
				B86189A52A72F5310043AAD3 /* ExploreBobsBurgers.xcdatamodeld in Sources */,
				B8E1493A2A786DAF00F079F5 /* CharacterInfoListStyle.swift in Sources */,
				B8E1492F2A77ED7A00F079F5 /* ImageLoader.swift in Sources */,
				B8878C242A7402200019F9A0 /* SwitchContainerView.swift in Sources */,
				B8E149352A78561800F079F5 /* CharactersInfoView.swift in Sources */,
				B8878C2B2A7414030019F9A0 /* NavigationButton.swift in Sources */,
				B8E1493C2A786EDF00F079F5 /* CharacterInfoList.swift in Sources */,
				B86CF1332A79921C0073840A /* CharactersRelativeCellView.swift in Sources */,
				B83ED2AC2A80454C0095BD83 /* VoicedByModel.swift in Sources */,
				B8E149372A786B9A00F079F5 /* CharactersSubViewTitle.swift in Sources */,
				B86189AE2A72F6110043AAD3 /* HomeView.swift in Sources */,
				B8B3945C2A744398004489F8 /* RelativeModel.swift in Sources */,
				B87F43992A81356B0071DB49 /* CharactersSearchBarView.swift in Sources */,
				B86CF1312A7992070073840A /* CharactersRelativeView.swift in Sources */,
				B86CF1392A7AB00D0073840A /* ImageCashe.swift in Sources */,
				B86189992A72F5310043AAD3 /* ExploreBobsBurgers.swift in Sources */,
				B86189B32A72F69A0043AAD3 /* Constants.swift in Sources */,
				B8878C262A74024F0019F9A0 /* ViewModel.swift in Sources */,
				B85BDAC42A73168300FDF93C /* CategoryView.swift in Sources */,
				B8B3945E2A7443FF004489F8 /* Webservice.swift in Sources */,
			);
			runOnlyForDeploymentPostprocessing = 0;
		};
/* End PBXSourcesBuildPhase section */

/* Begin XCBuildConfiguration section */
		B86189A62A72F5310043AAD3 /* Debug */ = {
			isa = XCBuildConfiguration;
			buildSettings = {
				ALWAYS_SEARCH_USER_PATHS = NO;
				CLANG_ANALYZER_NONNULL = YES;
				CLANG_ANALYZER_NUMBER_OBJECT_CONVERSION = YES_AGGRESSIVE;
				CLANG_CXX_LANGUAGE_STANDARD = "gnu++20";
				CLANG_ENABLE_MODULES = YES;
				CLANG_ENABLE_OBJC_ARC = YES;
				CLANG_ENABLE_OBJC_WEAK = YES;
				CLANG_WARN_BLOCK_CAPTURE_AUTORELEASING = YES;
				CLANG_WARN_BOOL_CONVERSION = YES;
				CLANG_WARN_COMMA = YES;
				CLANG_WARN_CONSTANT_CONVERSION = YES;
				CLANG_WARN_DEPRECATED_OBJC_IMPLEMENTATIONS = YES;
				CLANG_WARN_DIRECT_OBJC_ISA_USAGE = YES_ERROR;
				CLANG_WARN_DOCUMENTATION_COMMENTS = YES;
				CLANG_WARN_EMPTY_BODY = YES;
				CLANG_WARN_ENUM_CONVERSION = YES;
				CLANG_WARN_INFINITE_RECURSION = YES;
				CLANG_WARN_INT_CONVERSION = YES;
				CLANG_WARN_NON_LITERAL_NULL_CONVERSION = YES;
				CLANG_WARN_OBJC_IMPLICIT_RETAIN_SELF = YES;
				CLANG_WARN_OBJC_LITERAL_CONVERSION = YES;
				CLANG_WARN_OBJC_ROOT_CLASS = YES_ERROR;
				CLANG_WARN_QUOTED_INCLUDE_IN_FRAMEWORK_HEADER = YES;
				CLANG_WARN_RANGE_LOOP_ANALYSIS = YES;
				CLANG_WARN_STRICT_PROTOTYPES = YES;
				CLANG_WARN_SUSPICIOUS_MOVE = YES;
				CLANG_WARN_UNGUARDED_AVAILABILITY = YES_AGGRESSIVE;
				CLANG_WARN_UNREACHABLE_CODE = YES;
				CLANG_WARN__DUPLICATE_METHOD_MATCH = YES;
				COPY_PHASE_STRIP = NO;
				DEBUG_INFORMATION_FORMAT = dwarf;
				ENABLE_STRICT_OBJC_MSGSEND = YES;
				ENABLE_TESTABILITY = YES;
				GCC_C_LANGUAGE_STANDARD = gnu11;
				GCC_DYNAMIC_NO_PIC = NO;
				GCC_NO_COMMON_BLOCKS = YES;
				GCC_OPTIMIZATION_LEVEL = 0;
				GCC_PREPROCESSOR_DEFINITIONS = (
					"DEBUG=1",
					"$(inherited)",
				);
				GCC_WARN_64_TO_32_BIT_CONVERSION = YES;
				GCC_WARN_ABOUT_RETURN_TYPE = YES_ERROR;
				GCC_WARN_UNDECLARED_SELECTOR = YES;
				GCC_WARN_UNINITIALIZED_AUTOS = YES_AGGRESSIVE;
				GCC_WARN_UNUSED_FUNCTION = YES;
				GCC_WARN_UNUSED_VARIABLE = YES;
				IPHONEOS_DEPLOYMENT_TARGET = 15.0;
				MTL_ENABLE_DEBUG_INFO = INCLUDE_SOURCE;
				MTL_FAST_MATH = YES;
				ONLY_ACTIVE_ARCH = YES;
				SDKROOT = iphoneos;
				SWIFT_ACTIVE_COMPILATION_CONDITIONS = DEBUG;
				SWIFT_OPTIMIZATION_LEVEL = "-Onone";
			};
			name = Debug;
		};
		B86189A72A72F5310043AAD3 /* Release */ = {
			isa = XCBuildConfiguration;
			buildSettings = {
				ALWAYS_SEARCH_USER_PATHS = NO;
				CLANG_ANALYZER_NONNULL = YES;
				CLANG_ANALYZER_NUMBER_OBJECT_CONVERSION = YES_AGGRESSIVE;
				CLANG_CXX_LANGUAGE_STANDARD = "gnu++20";
				CLANG_ENABLE_MODULES = YES;
				CLANG_ENABLE_OBJC_ARC = YES;
				CLANG_ENABLE_OBJC_WEAK = YES;
				CLANG_WARN_BLOCK_CAPTURE_AUTORELEASING = YES;
				CLANG_WARN_BOOL_CONVERSION = YES;
				CLANG_WARN_COMMA = YES;
				CLANG_WARN_CONSTANT_CONVERSION = YES;
				CLANG_WARN_DEPRECATED_OBJC_IMPLEMENTATIONS = YES;
				CLANG_WARN_DIRECT_OBJC_ISA_USAGE = YES_ERROR;
				CLANG_WARN_DOCUMENTATION_COMMENTS = YES;
				CLANG_WARN_EMPTY_BODY = YES;
				CLANG_WARN_ENUM_CONVERSION = YES;
				CLANG_WARN_INFINITE_RECURSION = YES;
				CLANG_WARN_INT_CONVERSION = YES;
				CLANG_WARN_NON_LITERAL_NULL_CONVERSION = YES;
				CLANG_WARN_OBJC_IMPLICIT_RETAIN_SELF = YES;
				CLANG_WARN_OBJC_LITERAL_CONVERSION = YES;
				CLANG_WARN_OBJC_ROOT_CLASS = YES_ERROR;
				CLANG_WARN_QUOTED_INCLUDE_IN_FRAMEWORK_HEADER = YES;
				CLANG_WARN_RANGE_LOOP_ANALYSIS = YES;
				CLANG_WARN_STRICT_PROTOTYPES = YES;
				CLANG_WARN_SUSPICIOUS_MOVE = YES;
				CLANG_WARN_UNGUARDED_AVAILABILITY = YES_AGGRESSIVE;
				CLANG_WARN_UNREACHABLE_CODE = YES;
				CLANG_WARN__DUPLICATE_METHOD_MATCH = YES;
				COPY_PHASE_STRIP = NO;
				DEBUG_INFORMATION_FORMAT = "dwarf-with-dsym";
				ENABLE_NS_ASSERTIONS = NO;
				ENABLE_STRICT_OBJC_MSGSEND = YES;
				GCC_C_LANGUAGE_STANDARD = gnu11;
				GCC_NO_COMMON_BLOCKS = YES;
				GCC_WARN_64_TO_32_BIT_CONVERSION = YES;
				GCC_WARN_ABOUT_RETURN_TYPE = YES_ERROR;
				GCC_WARN_UNDECLARED_SELECTOR = YES;
				GCC_WARN_UNINITIALIZED_AUTOS = YES_AGGRESSIVE;
				GCC_WARN_UNUSED_FUNCTION = YES;
				GCC_WARN_UNUSED_VARIABLE = YES;
				IPHONEOS_DEPLOYMENT_TARGET = 15.0;
				MTL_ENABLE_DEBUG_INFO = NO;
				MTL_FAST_MATH = YES;
				SDKROOT = iphoneos;
				SWIFT_COMPILATION_MODE = wholemodule;
				SWIFT_OPTIMIZATION_LEVEL = "-O";
				VALIDATE_PRODUCT = YES;
			};
			name = Release;
		};
		B86189A92A72F5310043AAD3 /* Debug */ = {
			isa = XCBuildConfiguration;
			buildSettings = {
				ASSETCATALOG_COMPILER_APPICON_NAME = AppIcon;
				ASSETCATALOG_COMPILER_GLOBAL_ACCENT_COLOR_NAME = AccentColor;
				CODE_SIGN_STYLE = Automatic;
				CURRENT_PROJECT_VERSION = 1;
				DEVELOPMENT_ASSET_PATHS = "\"ExploreBobsBurgersApp/Preview Content\"";
				DEVELOPMENT_TEAM = 8XY4N5L3NU;
				ENABLE_PREVIEWS = YES;
				GENERATE_INFOPLIST_FILE = YES;
				INFOPLIST_FILE = ExploreBobsBurgersApp/Info.plist;
				INFOPLIST_KEY_UIApplicationSceneManifest_Generation = YES;
				INFOPLIST_KEY_UIApplicationSupportsIndirectInputEvents = YES;
				INFOPLIST_KEY_UILaunchScreen_Generation = YES;
				INFOPLIST_KEY_UISupportedInterfaceOrientations = UIInterfaceOrientationPortrait;
				INFOPLIST_KEY_UISupportedInterfaceOrientations_iPad = "UIInterfaceOrientationLandscapeLeft UIInterfaceOrientationLandscapeRight UIInterfaceOrientationPortrait UIInterfaceOrientationPortraitUpsideDown";
				IPHONEOS_DEPLOYMENT_TARGET = 16.0;
				LD_RUNPATH_SEARCH_PATHS = (
					"$(inherited)",
					"@executable_path/Frameworks",
				);
				MARKETING_VERSION = 1.0;
				PRODUCT_BUNDLE_IDENTIFIER = com.scriffles.ExploreBobsBurgersApp;
				PRODUCT_NAME = "$(TARGET_NAME)";
				SUPPORTED_PLATFORMS = "iphoneos iphonesimulator";
				SUPPORTS_MACCATALYST = NO;
				SUPPORTS_MAC_DESIGNED_FOR_IPHONE_IPAD = NO;
				SWIFT_EMIT_LOC_STRINGS = YES;
				SWIFT_VERSION = 5.0;
				TARGETED_DEVICE_FAMILY = 1;
			};
			name = Debug;
		};
		B86189AA2A72F5310043AAD3 /* Release */ = {
			isa = XCBuildConfiguration;
			buildSettings = {
				ASSETCATALOG_COMPILER_APPICON_NAME = AppIcon;
				ASSETCATALOG_COMPILER_GLOBAL_ACCENT_COLOR_NAME = AccentColor;
				CODE_SIGN_STYLE = Automatic;
				CURRENT_PROJECT_VERSION = 1;
				DEVELOPMENT_ASSET_PATHS = "\"ExploreBobsBurgersApp/Preview Content\"";
				DEVELOPMENT_TEAM = 8XY4N5L3NU;
				ENABLE_PREVIEWS = YES;
				GENERATE_INFOPLIST_FILE = YES;
				INFOPLIST_FILE = ExploreBobsBurgersApp/Info.plist;
				INFOPLIST_KEY_UIApplicationSceneManifest_Generation = YES;
				INFOPLIST_KEY_UIApplicationSupportsIndirectInputEvents = YES;
				INFOPLIST_KEY_UILaunchScreen_Generation = YES;
				INFOPLIST_KEY_UISupportedInterfaceOrientations = UIInterfaceOrientationPortrait;
				INFOPLIST_KEY_UISupportedInterfaceOrientations_iPad = "UIInterfaceOrientationLandscapeLeft UIInterfaceOrientationLandscapeRight UIInterfaceOrientationPortrait UIInterfaceOrientationPortraitUpsideDown";
				IPHONEOS_DEPLOYMENT_TARGET = 16.0;
				LD_RUNPATH_SEARCH_PATHS = (
					"$(inherited)",
					"@executable_path/Frameworks",
				);
				MARKETING_VERSION = 1.0;
				PRODUCT_BUNDLE_IDENTIFIER = com.scriffles.ExploreBobsBurgersApp;
				PRODUCT_NAME = "$(TARGET_NAME)";
				SUPPORTED_PLATFORMS = "iphoneos iphonesimulator";
				SUPPORTS_MACCATALYST = NO;
				SUPPORTS_MAC_DESIGNED_FOR_IPHONE_IPAD = NO;
				SWIFT_EMIT_LOC_STRINGS = YES;
				SWIFT_VERSION = 5.0;
				TARGETED_DEVICE_FAMILY = 1;
			};
			name = Release;
		};
/* End XCBuildConfiguration section */

/* Begin XCConfigurationList section */
		B86189902A72F5300043AAD3 /* Build configuration list for PBXProject "ExploreBobsBurgersApp" */ = {
			isa = XCConfigurationList;
			buildConfigurations = (
				B86189A62A72F5310043AAD3 /* Debug */,
				B86189A72A72F5310043AAD3 /* Release */,
			);
			defaultConfigurationIsVisible = 0;
			defaultConfigurationName = Release;
		};
		B86189A82A72F5310043AAD3 /* Build configuration list for PBXNativeTarget "ExploreBobsBurgersApp" */ = {
			isa = XCConfigurationList;
			buildConfigurations = (
				B86189A92A72F5310043AAD3 /* Debug */,
				B86189AA2A72F5310043AAD3 /* Release */,
			);
			defaultConfigurationIsVisible = 0;
			defaultConfigurationName = Release;
		};
/* End XCConfigurationList section */

/* Begin XCVersionGroup section */
		B86189A32A72F5310043AAD3 /* ExploreBobsBurgers.xcdatamodeld */ = {
			isa = XCVersionGroup;
			children = (
				B86189A42A72F5310043AAD3 /* ExploreBobsBurgersApp.xcdatamodel */,
			);
			currentVersion = B86189A42A72F5310043AAD3 /* ExploreBobsBurgersApp.xcdatamodel */;
			path = ExploreBobsBurgers.xcdatamodeld;
			sourceTree = "<group>";
			versionGroupType = wrapper.xcdatamodel;
		};
/* End XCVersionGroup section */
	};
	rootObject = B861898D2A72F5300043AAD3 /* Project object */;
}
